
Microsoft Visual Studio Solution File, Format Version 12.00
# Visual Studio Version 17
VisualStudioVersion = 17.11.35327.3
MinimumVisualStudioVersion = 10.0.40219.1
Project("{9A19103F-16F7-4668-BE54-9A1E7A4F7556}") = "apidc", "apidc\apidc.csproj", "{2D02FBAB-F013-448A-A663-B6B3A39677C4}"
EndProject
Project("{00D1A9C2-B5F0-4AF3-8072-F6C62B433612}") = "estructura", "estructura\estructura.sqlproj", "{6AD8CAF2-A6E1-42EB-9FB1-424EB8B82C13}"
EndProject
Global
	GlobalSection(SolutionConfigurationPlatforms) = preSolution
		Debug|Any CPU = Debug|Any CPU
		Release|Any CPU = Release|Any CPU
	EndGlobalSection
	GlobalSection(ProjectConfigurationPlatforms) = postSolution
		{2D02FBAB-F013-448A-A663-B6B3A39677C4}.Debug|Any CPU.ActiveCfg = Debug|Any CPU
		{2D02FBAB-F013-448A-A663-B6B3A39677C4}.Debug|Any CPU.Build.0 = Debug|Any CPU
		{2D02FBAB-F013-448A-A663-B6B3A39677C4}.Release|Any CPU.ActiveCfg = Release|Any CPU
		{2D02FBAB-F013-448A-A663-B6B3A39677C4}.Release|Any CPU.Build.0 = Release|Any CPU
		{6AD8CAF2-A6E1-42EB-9FB1-424EB8B82C13}.Debug|Any CPU.ActiveCfg = Debug|Any CPU
		{6AD8CAF2-A6E1-42EB-9FB1-424EB8B82C13}.Debug|Any CPU.Build.0 = Debug|Any CPU
		{6AD8CAF2-A6E1-42EB-9FB1-424EB8B82C13}.Debug|Any CPU.Deploy.0 = Debug|Any CPU
		{6AD8CAF2-A6E1-42EB-9FB1-424EB8B82C13}.Release|Any CPU.ActiveCfg = Release|Any CPU
		{6AD8CAF2-A6E1-42EB-9FB1-424EB8B82C13}.Release|Any CPU.Build.0 = Release|Any CPU
		{6AD8CAF2-A6E1-42EB-9FB1-424EB8B82C13}.Release|Any CPU.Deploy.0 = Release|Any CPU
	EndGlobalSection
	GlobalSection(SolutionProperties) = preSolution
		HideSolutionNode = FALSE
	EndGlobalSection
	GlobalSection(ExtensibilityGlobals) = postSolution
		SolutionGuid = {1DCB21CE-FE28-4898-AC0A-7983132E2D7B}
	EndGlobalSection
EndGlobal
